
Microsoft Visual Studio Solution File, Format Version 12.00
# Visual Studio Version 16
VisualStudioVersion = 16.0.30011.22
MinimumVisualStudioVersion = 10.0.40219.1
Project("{FAE04EC0-301F-11D3-BF4B-00C04F79EFBC}") = "KindleClippingsParser", "KindleClippingsParser\KindleClippingsParser.csproj", "{F515163B-68BE-4E76-B447-18681BC417EB}"
EndProject
Global
	GlobalSection(SolutionConfigurationPlatforms) = preSolution
		Debug|Any CPU = Debug|Any CPU
		Release|Any CPU = Release|Any CPU
	EndGlobalSection
	GlobalSection(ProjectConfigurationPlatforms) = postSolution
		{F515163B-68BE-4E76-B447-18681BC417EB}.Debug|Any CPU.ActiveCfg = Debug|Any CPU
		{F515163B-68BE-4E76-B447-18681BC417EB}.Debug|Any CPU.Build.0 = Debug|Any CPU
		{F515163B-68BE-4E76-B447-18681BC417EB}.Release|Any CPU.ActiveCfg = Release|Any CPU
		{F515163B-68BE-4E76-B447-18681BC417EB}.Release|Any CPU.Build.0 = Release|Any CPU
	EndGlobalSection
	GlobalSection(SolutionProperties) = preSolution
		HideSolutionNode = FALSE
	EndGlobalSection
	GlobalSection(ExtensibilityGlobals) = postSolution
		SolutionGuid = {62D18E63-6DCD-4E4F-8E55-BB51A8A9CFB6}
	EndGlobalSection
EndGlobal
